
Microsoft Visual Studio Solution File, Format Version 12.00
# Visual Studio 2013
VisualStudioVersion = 12.0.30723.0
MinimumVisualStudioVersion = 10.0.40219.1
Project("{2150E333-8FDC-42A3-9474-1A3956D46DE8}") = ".nuget", ".nuget", "{677C6049-14C0-497C-89FA-5207CFC4DAE6}"
	ProjectSection(SolutionItems) = preProject
		.nuget\NuGet.Config = .nuget\NuGet.Config
		.nuget\NuGet.exe = .nuget\NuGet.exe
		.nuget\NuGet.targets = .nuget\NuGet.targets
	EndProjectSection
EndProject
Project("{FAE04EC0-301F-11D3-BF4B-00C04F79EFBC}") = "Westwind.MessageQueueing", "Westwind.MessageQueueing\Westwind.MessageQueueing.csproj", "{3AEBD7C2-CC6E-416B-A45B-B7A04C173D0F}"
EndProject
Project("{FAE04EC0-301F-11D3-BF4B-00C04F79EFBC}") = "Westwind.MessageQueueing.Tests", "Westwind.MessageQueueing.Tests\Westwind.MessageQueueing.Tests.csproj", "{5017118B-A8EE-471F-94F4-232C24BDB4CE}"
EndProject
Project("{2150E333-8FDC-42A3-9474-1A3956D46DE8}") = "Documents", "Documents", "{6FC1FCB5-6238-423F-A7C4-FF4C01C8291C}"
	ProjectSection(SolutionItems) = preProject
		Changelog.md = Changelog.md
		Readme.md = Readme.md
	EndProjectSection
EndProject
Project("{2150E333-8FDC-42A3-9474-1A3956D46DE8}") = "Samples", "Samples", "{8ABD0230-B92A-457B-8471-FC1F53AEDFAD}"
EndProject
Project("{FAE04EC0-301F-11D3-BF4B-00C04F79EFBC}") = "LongRunningSignalRWeb", "..\Samples\Westwind.QueueMessageManager\LongRunningSignalRWeb\LongRunningSignalRWeb.csproj", "{3ED33A01-53EE-4858-AA0F-6A1B02AB5F62}"
EndProject
Project("{FAE04EC0-301F-11D3-BF4B-00C04F79EFBC}") = "Westwind.MessageQueueing.MongoDb", "Westwind.MessageQueueing.MongoDb\Westwind.MessageQueueing.MongoDb.csproj", "{90BF54F7-C038-4695-9494-429F4676598C}"
EndProject
Project("{FAE04EC0-301F-11D3-BF4B-00C04F79EFBC}") = "Westwind.Data.MongoDb", "..\..\WestwindToolkit\Westwind.Data.MongoDb\Westwind.Data.MongoDb.csproj", "{0CE58260-3B66-480C-8394-35BA649F77D6}"
EndProject
Project("{FAE04EC0-301F-11D3-BF4B-00C04F79EFBC}") = "Westwind.MessageQueueing.Hosting", "Westwind.MessageQueueing.Hosting\Westwind.MessageQueueing.Hosting.csproj", "{E91D3F46-34F9-4A61-AD90-2B33A8F32B9F}"
EndProject
Project("{FAE04EC0-301F-11D3-BF4B-00C04F79EFBC}") = "Westwind.MessageQueueing.WebHostSample", "Westwind.MessageQueueing.WebHostSample\Westwind.MessageQueueing.WebHostSample.csproj", "{22C15686-EAC6-4AEB-8BF3-42C2C303164D}"
EndProject
Global
	GlobalSection(SolutionConfigurationPlatforms) = preSolution
		Debug|Any CPU = Debug|Any CPU
		Deploy|Any CPU = Deploy|Any CPU
		Release|Any CPU = Release|Any CPU
		SandBox|Any CPU = SandBox|Any CPU
	EndGlobalSection
	GlobalSection(ProjectConfigurationPlatforms) = postSolution
		{3AEBD7C2-CC6E-416B-A45B-B7A04C173D0F}.Debug|Any CPU.ActiveCfg = Debug|Any CPU
		{3AEBD7C2-CC6E-416B-A45B-B7A04C173D0F}.Debug|Any CPU.Build.0 = Debug|Any CPU
		{3AEBD7C2-CC6E-416B-A45B-B7A04C173D0F}.Deploy|Any CPU.ActiveCfg = Debug|Any CPU
		{3AEBD7C2-CC6E-416B-A45B-B7A04C173D0F}.Deploy|Any CPU.Build.0 = Debug|Any CPU
		{3AEBD7C2-CC6E-416B-A45B-B7A04C173D0F}.Release|Any CPU.ActiveCfg = Release|Any CPU
		{3AEBD7C2-CC6E-416B-A45B-B7A04C173D0F}.Release|Any CPU.Build.0 = Release|Any CPU
		{3AEBD7C2-CC6E-416B-A45B-B7A04C173D0F}.SandBox|Any CPU.ActiveCfg = Release|Any CPU
		{3AEBD7C2-CC6E-416B-A45B-B7A04C173D0F}.SandBox|Any CPU.Build.0 = Release|Any CPU
		{5017118B-A8EE-471F-94F4-232C24BDB4CE}.Debug|Any CPU.ActiveCfg = Debug|Any CPU
		{5017118B-A8EE-471F-94F4-232C24BDB4CE}.Debug|Any CPU.Build.0 = Debug|Any CPU
		{5017118B-A8EE-471F-94F4-232C24BDB4CE}.Deploy|Any CPU.ActiveCfg = Debug|Any CPU
		{5017118B-A8EE-471F-94F4-232C24BDB4CE}.Deploy|Any CPU.Build.0 = Debug|Any CPU
		{5017118B-A8EE-471F-94F4-232C24BDB4CE}.Release|Any CPU.ActiveCfg = Release|Any CPU
		{5017118B-A8EE-471F-94F4-232C24BDB4CE}.Release|Any CPU.Build.0 = Release|Any CPU
		{5017118B-A8EE-471F-94F4-232C24BDB4CE}.SandBox|Any CPU.ActiveCfg = Release|Any CPU
		{5017118B-A8EE-471F-94F4-232C24BDB4CE}.SandBox|Any CPU.Build.0 = Release|Any CPU
		{3ED33A01-53EE-4858-AA0F-6A1B02AB5F62}.Debug|Any CPU.ActiveCfg = Debug|Any CPU
		{3ED33A01-53EE-4858-AA0F-6A1B02AB5F62}.Debug|Any CPU.Build.0 = Debug|Any CPU
		{3ED33A01-53EE-4858-AA0F-6A1B02AB5F62}.Deploy|Any CPU.ActiveCfg = Debug|Any CPU
		{3ED33A01-53EE-4858-AA0F-6A1B02AB5F62}.Deploy|Any CPU.Build.0 = Debug|Any CPU
		{3ED33A01-53EE-4858-AA0F-6A1B02AB5F62}.Release|Any CPU.ActiveCfg = Release|Any CPU
		{3ED33A01-53EE-4858-AA0F-6A1B02AB5F62}.Release|Any CPU.Build.0 = Release|Any CPU
		{3ED33A01-53EE-4858-AA0F-6A1B02AB5F62}.SandBox|Any CPU.ActiveCfg = Release|Any CPU
		{3ED33A01-53EE-4858-AA0F-6A1B02AB5F62}.SandBox|Any CPU.Build.0 = Release|Any CPU
		{90BF54F7-C038-4695-9494-429F4676598C}.Debug|Any CPU.ActiveCfg = Debug|Any CPU
		{90BF54F7-C038-4695-9494-429F4676598C}.Debug|Any CPU.Build.0 = Debug|Any CPU
		{90BF54F7-C038-4695-9494-429F4676598C}.Deploy|Any CPU.ActiveCfg = Debug|Any CPU
		{90BF54F7-C038-4695-9494-429F4676598C}.Deploy|Any CPU.Build.0 = Debug|Any CPU
		{90BF54F7-C038-4695-9494-429F4676598C}.Release|Any CPU.ActiveCfg = Release|Any CPU
		{90BF54F7-C038-4695-9494-429F4676598C}.Release|Any CPU.Build.0 = Release|Any CPU
		{90BF54F7-C038-4695-9494-429F4676598C}.SandBox|Any CPU.ActiveCfg = Release|Any CPU
		{90BF54F7-C038-4695-9494-429F4676598C}.SandBox|Any CPU.Build.0 = Release|Any CPU
		{0CE58260-3B66-480C-8394-35BA649F77D6}.Debug|Any CPU.ActiveCfg = Debug|Any CPU
		{0CE58260-3B66-480C-8394-35BA649F77D6}.Debug|Any CPU.Build.0 = Debug|Any CPU
		{0CE58260-3B66-480C-8394-35BA649F77D6}.Deploy|Any CPU.ActiveCfg = Debug|Any CPU
		{0CE58260-3B66-480C-8394-35BA649F77D6}.Deploy|Any CPU.Build.0 = Debug|Any CPU
		{0CE58260-3B66-480C-8394-35BA649F77D6}.Release|Any CPU.ActiveCfg = Release|Any CPU
		{0CE58260-3B66-480C-8394-35BA649F77D6}.Release|Any CPU.Build.0 = Release|Any CPU
		{0CE58260-3B66-480C-8394-35BA649F77D6}.SandBox|Any CPU.ActiveCfg = Release|Any CPU
		{0CE58260-3B66-480C-8394-35BA649F77D6}.SandBox|Any CPU.Build.0 = Release|Any CPU
		{E91D3F46-34F9-4A61-AD90-2B33A8F32B9F}.Debug|Any CPU.ActiveCfg = Debug|Any CPU
		{E91D3F46-34F9-4A61-AD90-2B33A8F32B9F}.Debug|Any CPU.Build.0 = Debug|Any CPU
		{E91D3F46-34F9-4A61-AD90-2B33A8F32B9F}.Deploy|Any CPU.ActiveCfg = Debug|Any CPU
		{E91D3F46-34F9-4A61-AD90-2B33A8F32B9F}.Deploy|Any CPU.Build.0 = Debug|Any CPU
		{E91D3F46-34F9-4A61-AD90-2B33A8F32B9F}.Release|Any CPU.ActiveCfg = Release|Any CPU
		{E91D3F46-34F9-4A61-AD90-2B33A8F32B9F}.Release|Any CPU.Build.0 = Release|Any CPU
		{E91D3F46-34F9-4A61-AD90-2B33A8F32B9F}.SandBox|Any CPU.ActiveCfg = Release|Any CPU
		{E91D3F46-34F9-4A61-AD90-2B33A8F32B9F}.SandBox|Any CPU.Build.0 = Release|Any CPU
		{22C15686-EAC6-4AEB-8BF3-42C2C303164D}.Debug|Any CPU.ActiveCfg = Debug|Any CPU
		{22C15686-EAC6-4AEB-8BF3-42C2C303164D}.Debug|Any CPU.Build.0 = Debug|Any CPU
		{22C15686-EAC6-4AEB-8BF3-42C2C303164D}.Deploy|Any CPU.ActiveCfg = Debug|Any CPU
		{22C15686-EAC6-4AEB-8BF3-42C2C303164D}.Deploy|Any CPU.Build.0 = Debug|Any CPU
		{22C15686-EAC6-4AEB-8BF3-42C2C303164D}.Release|Any CPU.ActiveCfg = Release|Any CPU
		{22C15686-EAC6-4AEB-8BF3-42C2C303164D}.Release|Any CPU.Build.0 = Release|Any CPU
		{22C15686-EAC6-4AEB-8BF3-42C2C303164D}.SandBox|Any CPU.ActiveCfg = Release|Any CPU
		{22C15686-EAC6-4AEB-8BF3-42C2C303164D}.SandBox|Any CPU.Build.0 = Release|Any CPU
	EndGlobalSection
	GlobalSection(SolutionProperties) = preSolution
		HideSolutionNode = FALSE
	EndGlobalSection
	GlobalSection(NestedProjects) = preSolution
		{3ED33A01-53EE-4858-AA0F-6A1B02AB5F62} = {8ABD0230-B92A-457B-8471-FC1F53AEDFAD}
		{0CE58260-3B66-480C-8394-35BA649F77D6} = {8ABD0230-B92A-457B-8471-FC1F53AEDFAD}
	EndGlobalSection
EndGlobal
