<Solution>
  <Configurations>
    <BuildType Name="Debug" />
    <BuildType Name="Deploy" />
    <BuildType Name="Release" />
    <BuildType Name="SandBox" />
  </Configurations>
  <Folder Name="/.nuget/">
    <File Path=".nuget/NuGet.Config" />
    <File Path=".nuget/NuGet.exe" />
    <File Path=".nuget/NuGet.targets" />
  </Folder>
  <Folder Name="/Documents/">
    <File Path=".gitignore" />
    <File Path="Changelog.md" />
    <File Path="Directory.Build.props" />
    <File Path="global.json" />
    <File Path="Readme.md" />
  </Folder>
  <Project Path="Westwind.MessageQueueing.Hosting/Westwind.MessageQueueing.Hosting.csproj">
    <BuildType Solution="Deploy|*" Project="Debug" />
    <BuildType Solution="SandBox|*" Project="Release" />
  </Project>
  <Project Path="Westwind.MessageQueueing.MongoDb/Westwind.MessageQueueing.MongoDb.csproj" Id="373f7f8b-dfe5-4cbf-910f-d71b6fc034ca">
    <BuildType Solution="Deploy|*" Project="Release" />
    <BuildType Solution="SandBox|*" Project="Release" />
  </Project>
  <Project Path="Westwind.MessageQueueing.Tests/Westwind.MessageQueueing.Tests.csproj">
    <BuildType Solution="Deploy|*" Project="Debug" />
    <BuildType Solution="SandBox|*" Project="Release" />
  </Project>
  <Project Path="Westwind.MessageQueueing/Westwind.MessageQueueing.csproj">
    <BuildType Solution="Deploy|*" Project="Debug" />
    <BuildType Solution="SandBox|*" Project="Release" />
  </Project>
  <Project Path="Westwind.QueueMessageManager.CoreWebSample/Westwind.QueueMessageManager.CoreWebSample.csproj">
    <BuildType Solution="Deploy|*" Project="Release" />
    <BuildType Solution="SandBox|*" Project="Release" />
  </Project>
</Solution>
